// !$*UTF8*$!
{
	archiveVersion = 1;
	classes = {
	};
	objectVersion = 56;
	objects = {

/* Begin PBXBuildFile section */
		5B848C882B6D883F0090E03C /* PriceView.swift in Sources */ = {isa = PBXBuildFile; fileRef = 5B848C872B6D883F0090E03C /* PriceView.swift */; };
		5BE4620B2B6C5F2800F734D3 /* SparTestApp.swift in Sources */ = {isa = PBXBuildFile; fileRef = 5BE4620A2B6C5F2800F734D3 /* SparTestApp.swift */; };
		5BE4620F2B6C5F2900F734D3 /* Assets.xcassets in Resources */ = {isa = PBXBuildFile; fileRef = 5BE4620E2B6C5F2900F734D3 /* Assets.xcassets */; };
		5BE462122B6C5F2900F734D3 /* Preview Assets.xcassets in Resources */ = {isa = PBXBuildFile; fileRef = 5BE462112B6C5F2900F734D3 /* Preview Assets.xcassets */; };
		5BE462192B6C5F5700F734D3 /* TabBarView.swift in Sources */ = {isa = PBXBuildFile; fileRef = 5BE462182B6C5F5700F734D3 /* TabBarView.swift */; };
		5BE4621B2B6C5F8700F734D3 /* MainView.swift in Sources */ = {isa = PBXBuildFile; fileRef = 5BE4621A2B6C5F8700F734D3 /* MainView.swift */; };
		5BE4621D2B6C5F9600F734D3 /* CatalogView.swift in Sources */ = {isa = PBXBuildFile; fileRef = 5BE4621C2B6C5F9600F734D3 /* CatalogView.swift */; };
		5BE4621F2B6C5FA100F734D3 /* BinView.swift in Sources */ = {isa = PBXBuildFile; fileRef = 5BE4621E2B6C5FA100F734D3 /* BinView.swift */; };
		5BE462212B6C5FA900F734D3 /* ProfileView.swift in Sources */ = {isa = PBXBuildFile; fileRef = 5BE462202B6C5FA900F734D3 /* ProfileView.swift */; };
		5BE462232B6C73B100F734D3 /* ReviewModel.swift in Sources */ = {isa = PBXBuildFile; fileRef = 5BE462222B6C73B100F734D3 /* ReviewModel.swift */; };
		5BE462262B6C73CB00F734D3 /* ReviewViewModel.swift in Sources */ = {isa = PBXBuildFile; fileRef = 5BE462252B6C73CB00F734D3 /* ReviewViewModel.swift */; };
		5BE462292B6C73E500F734D3 /* ReviewRowView.swift in Sources */ = {isa = PBXBuildFile; fileRef = 5BE462282B6C73E500F734D3 /* ReviewRowView.swift */; };
		5BE462312B6C793D00F734D3 /* StarsView.swift in Sources */ = {isa = PBXBuildFile; fileRef = 5BE462302B6C793D00F734D3 /* StarsView.swift */; };
/* End PBXBuildFile section */

/* Begin PBXFileReference section */
		5B848C872B6D883F0090E03C /* PriceView.swift */ = {isa = PBXFileReference; lastKnownFileType = sourcecode.swift; path = PriceView.swift; sourceTree = "<group>"; };
		5BE462072B6C5F2800F734D3 /* SparTest.app */ = {isa = PBXFileReference; explicitFileType = wrapper.application; includeInIndex = 0; path = SparTest.app; sourceTree = BUILT_PRODUCTS_DIR; };
		5BE4620A2B6C5F2800F734D3 /* SparTestApp.swift */ = {isa = PBXFileReference; lastKnownFileType = sourcecode.swift; path = SparTestApp.swift; sourceTree = "<group>"; };
		5BE4620E2B6C5F2900F734D3 /* Assets.xcassets */ = {isa = PBXFileReference; lastKnownFileType = folder.assetcatalog; path = Assets.xcassets; sourceTree = "<group>"; };
		5BE462112B6C5F2900F734D3 /* Preview Assets.xcassets */ = {isa = PBXFileReference; lastKnownFileType = folder.assetcatalog; path = "Preview Assets.xcassets"; sourceTree = "<group>"; };
		5BE462182B6C5F5700F734D3 /* TabBarView.swift */ = {isa = PBXFileReference; lastKnownFileType = sourcecode.swift; path = TabBarView.swift; sourceTree = "<group>"; };
		5BE4621A2B6C5F8700F734D3 /* MainView.swift */ = {isa = PBXFileReference; lastKnownFileType = sourcecode.swift; path = MainView.swift; sourceTree = "<group>"; };
		5BE4621C2B6C5F9600F734D3 /* CatalogView.swift */ = {isa = PBXFileReference; lastKnownFileType = sourcecode.swift; path = CatalogView.swift; sourceTree = "<group>"; };
		5BE4621E2B6C5FA100F734D3 /* BinView.swift */ = {isa = PBXFileReference; lastKnownFileType = sourcecode.swift; path = BinView.swift; sourceTree = "<group>"; };
		5BE462202B6C5FA900F734D3 /* ProfileView.swift */ = {isa = PBXFileReference; lastKnownFileType = sourcecode.swift; path = ProfileView.swift; sourceTree = "<group>"; };
		5BE462222B6C73B100F734D3 /* ReviewModel.swift */ = {isa = PBXFileReference; lastKnownFileType = sourcecode.swift; path = ReviewModel.swift; sourceTree = "<group>"; };
		5BE462252B6C73CB00F734D3 /* ReviewViewModel.swift */ = {isa = PBXFileReference; lastKnownFileType = sourcecode.swift; path = ReviewViewModel.swift; sourceTree = "<group>"; };
		5BE462282B6C73E500F734D3 /* ReviewRowView.swift */ = {isa = PBXFileReference; lastKnownFileType = sourcecode.swift; path = ReviewRowView.swift; sourceTree = "<group>"; };
		5BE462302B6C793D00F734D3 /* StarsView.swift */ = {isa = PBXFileReference; lastKnownFileType = sourcecode.swift; path = StarsView.swift; sourceTree = "<group>"; };
/* End PBXFileReference section */

/* Begin PBXFrameworksBuildPhase section */
		5BE462042B6C5F2800F734D3 /* Frameworks */ = {
			isa = PBXFrameworksBuildPhase;
			buildActionMask = 2147483647;
			files = (
			);
			runOnlyForDeploymentPostprocessing = 0;
		};
/* End PBXFrameworksBuildPhase section */

/* Begin PBXGroup section */
		5BE461FE2B6C5F2800F734D3 = {
			isa = PBXGroup;
			children = (
				5BE462092B6C5F2800F734D3 /* SparTest */,
				5BE462082B6C5F2800F734D3 /* Products */,
			);
			sourceTree = "<group>";
		};
		5BE462082B6C5F2800F734D3 /* Products */ = {
			isa = PBXGroup;
			children = (
				5BE462072B6C5F2800F734D3 /* SparTest.app */,
			);
			name = Products;
			sourceTree = "<group>";
		};
		5BE462092B6C5F2800F734D3 /* SparTest */ = {
			isa = PBXGroup;
			children = (
				5BE4620A2B6C5F2800F734D3 /* SparTestApp.swift */,
				5BE4620E2B6C5F2900F734D3 /* Assets.xcassets */,
				5BE462102B6C5F2900F734D3 /* Preview Content */,
				5BE4622D2B6C741D00F734D3 /* Core */,
			);
			path = SparTest;
			sourceTree = "<group>";
		};
		5BE462102B6C5F2900F734D3 /* Preview Content */ = {
			isa = PBXGroup;
			children = (
				5BE462112B6C5F2900F734D3 /* Preview Assets.xcassets */,
			);
			path = "Preview Content";
			sourceTree = "<group>";
		};
		5BE462242B6C73B600F734D3 /* Model */ = {
			isa = PBXGroup;
			children = (
				5BE462222B6C73B100F734D3 /* ReviewModel.swift */,
			);
			path = Model;
			sourceTree = "<group>";
		};
		5BE462272B6C73D100F734D3 /* ViewModel */ = {
			isa = PBXGroup;
			children = (
				5BE462252B6C73CB00F734D3 /* ReviewViewModel.swift */,
			);
			path = ViewModel;
			sourceTree = "<group>";
		};
		5BE4622A2B6C73EA00F734D3 /* View */ = {
			isa = PBXGroup;
			children = (
				5BE462282B6C73E500F734D3 /* ReviewRowView.swift */,
			);
			path = View;
			sourceTree = "<group>";
		};
		5BE4622B2B6C73FC00F734D3 /* TabBar */ = {
			isa = PBXGroup;
			children = (
				5BE462182B6C5F5700F734D3 /* TabBarView.swift */,
			);
			path = TabBar;
			sourceTree = "<group>";
		};
		5BE4622C2B6C741300F734D3 /* Tabs */ = {
			isa = PBXGroup;
			children = (
				5BE4621A2B6C5F8700F734D3 /* MainView.swift */,
				5BE4621C2B6C5F9600F734D3 /* CatalogView.swift */,
				5BE4621E2B6C5FA100F734D3 /* BinView.swift */,
				5BE462202B6C5FA900F734D3 /* ProfileView.swift */,
			);
			path = Tabs;
			sourceTree = "<group>";
		};
		5BE4622D2B6C741D00F734D3 /* Core */ = {
			isa = PBXGroup;
			children = (
				5BE4622F2B6C792E00F734D3 /* Components */,
				5BE4622B2B6C73FC00F734D3 /* TabBar */,
				5BE4622C2B6C741300F734D3 /* Tabs */,
				5BE4622E2B6C743600F734D3 /* Reviews */,
			);
			path = Core;
			sourceTree = "<group>";
		};
		5BE4622E2B6C743600F734D3 /* Reviews */ = {
			isa = PBXGroup;
			children = (
				5BE462242B6C73B600F734D3 /* Model */,
				5BE4622A2B6C73EA00F734D3 /* View */,
				5BE462272B6C73D100F734D3 /* ViewModel */,
			);
			path = Reviews;
			sourceTree = "<group>";
		};
		5BE4622F2B6C792E00F734D3 /* Components */ = {
			isa = PBXGroup;
			children = (
				5BE462302B6C793D00F734D3 /* StarsView.swift */,
				5B848C872B6D883F0090E03C /* PriceView.swift */,
			);
			path = Components;
			sourceTree = "<group>";
		};
/* End PBXGroup section */

/* Begin PBXNativeTarget section */
		5BE462062B6C5F2800F734D3 /* SparTest */ = {
			isa = PBXNativeTarget;
			buildConfigurationList = 5BE462152B6C5F2900F734D3 /* Build configuration list for PBXNativeTarget "SparTest" */;
			buildPhases = (
				5BE462032B6C5F2800F734D3 /* Sources */,
				5BE462042B6C5F2800F734D3 /* Frameworks */,
				5BE462052B6C5F2800F734D3 /* Resources */,
			);
			buildRules = (
			);
			dependencies = (
			);
			name = SparTest;
			productName = SparTest;
			productReference = 5BE462072B6C5F2800F734D3 /* SparTest.app */;
			productType = "com.apple.product-type.application";
		};
/* End PBXNativeTarget section */

/* Begin PBXProject section */
		5BE461FF2B6C5F2800F734D3 /* Project object */ = {
			isa = PBXProject;
			attributes = {
				BuildIndependentTargetsInParallel = 1;
				LastSwiftUpdateCheck = 1520;
				LastUpgradeCheck = 1520;
				TargetAttributes = {
					5BE462062B6C5F2800F734D3 = {
						CreatedOnToolsVersion = 15.2;
					};
				};
			};
			buildConfigurationList = 5BE462022B6C5F2800F734D3 /* Build configuration list for PBXProject "SparTest" */;
			compatibilityVersion = "Xcode 14.0";
			developmentRegion = en;
			hasScannedForEncodings = 0;
			knownRegions = (
				en,
				Base,
			);
			mainGroup = 5BE461FE2B6C5F2800F734D3;
			productRefGroup = 5BE462082B6C5F2800F734D3 /* Products */;
			projectDirPath = "";
			projectRoot = "";
			targets = (
				5BE462062B6C5F2800F734D3 /* SparTest */,
			);
		};
/* End PBXProject section */

/* Begin PBXResourcesBuildPhase section */
		5BE462052B6C5F2800F734D3 /* Resources */ = {
			isa = PBXResourcesBuildPhase;
			buildActionMask = 2147483647;
			files = (
				5BE462122B6C5F2900F734D3 /* Preview Assets.xcassets in Resources */,
				5BE4620F2B6C5F2900F734D3 /* Assets.xcassets in Resources */,
			);
			runOnlyForDeploymentPostprocessing = 0;
		};
/* End PBXResourcesBuildPhase section */

/* Begin PBXSourcesBuildPhase section */
		5BE462032B6C5F2800F734D3 /* Sources */ = {
			isa = PBXSourcesBuildPhase;
			buildActionMask = 2147483647;
			files = (
				5BE4621F2B6C5FA100F734D3 /* BinView.swift in Sources */,
				5BE462192B6C5F5700F734D3 /* TabBarView.swift in Sources */,
				5BE4621B2B6C5F8700F734D3 /* MainView.swift in Sources */,
				5B848C882B6D883F0090E03C /* PriceView.swift in Sources */,
				5BE462292B6C73E500F734D3 /* ReviewRowView.swift in Sources */,
				5BE4621D2B6C5F9600F734D3 /* CatalogView.swift in Sources */,
				5BE462212B6C5FA900F734D3 /* ProfileView.swift in Sources */,
				5BE4620B2B6C5F2800F734D3 /* SparTestApp.swift in Sources */,
				5BE462312B6C793D00F734D3 /* StarsView.swift in Sources */,
				5BE462262B6C73CB00F734D3 /* ReviewViewModel.swift in Sources */,
				5BE462232B6C73B100F734D3 /* ReviewModel.swift in Sources */,
			);
			runOnlyForDeploymentPostprocessing = 0;
		};
/* End PBXSourcesBuildPhase section */

/* Begin XCBuildConfiguration section */
		5BE462132B6C5F2900F734D3 /* Debug */ = {
			isa = XCBuildConfiguration;
			buildSettings = {
				ALWAYS_SEARCH_USER_PATHS = NO;
				ASSETCATALOG_COMPILER_GENERATE_SWIFT_ASSET_SYMBOL_EXTENSIONS = YES;
				CLANG_ANALYZER_NONNULL = YES;
				CLANG_ANALYZER_NUMBER_OBJECT_CONVERSION = YES_AGGRESSIVE;
				CLANG_CXX_LANGUAGE_STANDARD = "gnu++20";
				CLANG_ENABLE_MODULES = YES;
				CLANG_ENABLE_OBJC_ARC = YES;
				CLANG_ENABLE_OBJC_WEAK = YES;
				CLANG_WARN_BLOCK_CAPTURE_AUTORELEASING = YES;
				CLANG_WARN_BOOL_CONVERSION = YES;
				CLANG_WARN_COMMA = YES;
				CLANG_WARN_CONSTANT_CONVERSION = YES;
				CLANG_WARN_DEPRECATED_OBJC_IMPLEMENTATIONS = YES;
				CLANG_WARN_DIRECT_OBJC_ISA_USAGE = YES_ERROR;
				CLANG_WARN_DOCUMENTATION_COMMENTS = YES;
				CLANG_WARN_EMPTY_BODY = YES;
				CLANG_WARN_ENUM_CONVERSION = YES;
				CLANG_WARN_INFINITE_RECURSION = YES;
				CLANG_WARN_INT_CONVERSION = YES;
				CLANG_WARN_NON_LITERAL_NULL_CONVERSION = YES;
				CLANG_WARN_OBJC_IMPLICIT_RETAIN_SELF = YES;
				CLANG_WARN_OBJC_LITERAL_CONVERSION = YES;
				CLANG_WARN_OBJC_ROOT_CLASS = YES_ERROR;
				CLANG_WARN_QUOTED_INCLUDE_IN_FRAMEWORK_HEADER = YES;
				CLANG_WARN_RANGE_LOOP_ANALYSIS = YES;
				CLANG_WARN_STRICT_PROTOTYPES = YES;
				CLANG_WARN_SUSPICIOUS_MOVE = YES;
				CLANG_WARN_UNGUARDED_AVAILABILITY = YES_AGGRESSIVE;
				CLANG_WARN_UNREACHABLE_CODE = YES;
				CLANG_WARN__DUPLICATE_METHOD_MATCH = YES;
				COPY_PHASE_STRIP = NO;
				DEBUG_INFORMATION_FORMAT = dwarf;
				ENABLE_STRICT_OBJC_MSGSEND = YES;
				ENABLE_TESTABILITY = YES;
				ENABLE_USER_SCRIPT_SANDBOXING = YES;
				GCC_C_LANGUAGE_STANDARD = gnu17;
				GCC_DYNAMIC_NO_PIC = NO;
				GCC_NO_COMMON_BLOCKS = YES;
				GCC_OPTIMIZATION_LEVEL = 0;
				GCC_PREPROCESSOR_DEFINITIONS = (
					"DEBUG=1",
					"$(inherited)",
				);
				GCC_WARN_64_TO_32_BIT_CONVERSION = YES;
				GCC_WARN_ABOUT_RETURN_TYPE = YES_ERROR;
				GCC_WARN_UNDECLARED_SELECTOR = YES;
				GCC_WARN_UNINITIALIZED_AUTOS = YES_AGGRESSIVE;
				GCC_WARN_UNUSED_FUNCTION = YES;
				GCC_WARN_UNUSED_VARIABLE = YES;
				IPHONEOS_DEPLOYMENT_TARGET = 14.0;
				LOCALIZATION_PREFERS_STRING_CATALOGS = YES;
				MTL_ENABLE_DEBUG_INFO = INCLUDE_SOURCE;
				MTL_FAST_MATH = YES;
				ONLY_ACTIVE_ARCH = YES;
				SDKROOT = iphoneos;
				SWIFT_ACTIVE_COMPILATION_CONDITIONS = "DEBUG $(inherited)";
				SWIFT_OPTIMIZATION_LEVEL = "-Onone";
			};
			name = Debug;
		};
		5BE462142B6C5F2900F734D3 /* Release */ = {
			isa = XCBuildConfiguration;
			buildSettings = {
				ALWAYS_SEARCH_USER_PATHS = NO;
				ASSETCATALOG_COMPILER_GENERATE_SWIFT_ASSET_SYMBOL_EXTENSIONS = YES;
				CLANG_ANALYZER_NONNULL = YES;
				CLANG_ANALYZER_NUMBER_OBJECT_CONVERSION = YES_AGGRESSIVE;
				CLANG_CXX_LANGUAGE_STANDARD = "gnu++20";
				CLANG_ENABLE_MODULES = YES;
				CLANG_ENABLE_OBJC_ARC = YES;
				CLANG_ENABLE_OBJC_WEAK = YES;
				CLANG_WARN_BLOCK_CAPTURE_AUTORELEASING = YES;
				CLANG_WARN_BOOL_CONVERSION = YES;
				CLANG_WARN_COMMA = YES;
				CLANG_WARN_CONSTANT_CONVERSION = YES;
				CLANG_WARN_DEPRECATED_OBJC_IMPLEMENTATIONS = YES;
				CLANG_WARN_DIRECT_OBJC_ISA_USAGE = YES_ERROR;
				CLANG_WARN_DOCUMENTATION_COMMENTS = YES;
				CLANG_WARN_EMPTY_BODY = YES;
				CLANG_WARN_ENUM_CONVERSION = YES;
				CLANG_WARN_INFINITE_RECURSION = YES;
				CLANG_WARN_INT_CONVERSION = YES;
				CLANG_WARN_NON_LITERAL_NULL_CONVERSION = YES;
				CLANG_WARN_OBJC_IMPLICIT_RETAIN_SELF = YES;
				CLANG_WARN_OBJC_LITERAL_CONVERSION = YES;
				CLANG_WARN_OBJC_ROOT_CLASS = YES_ERROR;
				CLANG_WARN_QUOTED_INCLUDE_IN_FRAMEWORK_HEADER = YES;
				CLANG_WARN_RANGE_LOOP_ANALYSIS = YES;
				CLANG_WARN_STRICT_PROTOTYPES = YES;
				CLANG_WARN_SUSPICIOUS_MOVE = YES;
				CLANG_WARN_UNGUARDED_AVAILABILITY = YES_AGGRESSIVE;
				CLANG_WARN_UNREACHABLE_CODE = YES;
				CLANG_WARN__DUPLICATE_METHOD_MATCH = YES;
				COPY_PHASE_STRIP = NO;
				DEBUG_INFORMATION_FORMAT = "dwarf-with-dsym";
				ENABLE_NS_ASSERTIONS = NO;
				ENABLE_STRICT_OBJC_MSGSEND = YES;
				ENABLE_USER_SCRIPT_SANDBOXING = YES;
				GCC_C_LANGUAGE_STANDARD = gnu17;
				GCC_NO_COMMON_BLOCKS = YES;
				GCC_WARN_64_TO_32_BIT_CONVERSION = YES;
				GCC_WARN_ABOUT_RETURN_TYPE = YES_ERROR;
				GCC_WARN_UNDECLARED_SELECTOR = YES;
				GCC_WARN_UNINITIALIZED_AUTOS = YES_AGGRESSIVE;
				GCC_WARN_UNUSED_FUNCTION = YES;
				GCC_WARN_UNUSED_VARIABLE = YES;
				IPHONEOS_DEPLOYMENT_TARGET = 14.0;
				LOCALIZATION_PREFERS_STRING_CATALOGS = YES;
				MTL_ENABLE_DEBUG_INFO = NO;
				MTL_FAST_MATH = YES;
				SDKROOT = iphoneos;
				SWIFT_COMPILATION_MODE = wholemodule;
				VALIDATE_PRODUCT = YES;
			};
			name = Release;
		};
		5BE462162B6C5F2900F734D3 /* Debug */ = {
			isa = XCBuildConfiguration;
			buildSettings = {
				ASSETCATALOG_COMPILER_APPICON_NAME = AppIcon;
				ASSETCATALOG_COMPILER_GLOBAL_ACCENT_COLOR_NAME = AccentColor;
				CODE_SIGN_STYLE = Automatic;
				CURRENT_PROJECT_VERSION = 1;
				DEVELOPMENT_ASSET_PATHS = "\"SparTest/Preview Content\"";
				DEVELOPMENT_TEAM = 695W8CRMKH;
				ENABLE_PREVIEWS = YES;
				GENERATE_INFOPLIST_FILE = YES;
				INFOPLIST_KEY_UIApplicationSceneManifest_Generation = YES;
				INFOPLIST_KEY_UIApplicationSupportsIndirectInputEvents = YES;
				INFOPLIST_KEY_UILaunchScreen_Generation = YES;
				INFOPLIST_KEY_UIRequiresFullScreen = YES;
				INFOPLIST_KEY_UISupportedInterfaceOrientations = UIInterfaceOrientationPortrait;
				INFOPLIST_KEY_UISupportedInterfaceOrientations_iPad = "UIInterfaceOrientationPortrait UIInterfaceOrientationPortraitUpsideDown";
				IPHONEOS_DEPLOYMENT_TARGET = 14.0;
				LD_RUNPATH_SEARCH_PATHS = (
					"$(inherited)",
					"@executable_path/Frameworks",
				);
				MARKETING_VERSION = 1.0;
				PRODUCT_BUNDLE_IDENTIFIER = AtaevAleksandr.SparTest;
				PRODUCT_NAME = "$(TARGET_NAME)";
				SUPPORTED_PLATFORMS = "iphoneos iphonesimulator";
				SUPPORTS_MACCATALYST = NO;
				SUPPORTS_MAC_DESIGNED_FOR_IPHONE_IPAD = NO;
				SUPPORTS_XR_DESIGNED_FOR_IPHONE_IPAD = NO;
				SWIFT_EMIT_LOC_STRINGS = YES;
				SWIFT_VERSION = 5.0;
				TARGETED_DEVICE_FAMILY = "1,2";
			};
			name = Debug;
		};
		5BE462172B6C5F2900F734D3 /* Release */ = {
			isa = XCBuildConfiguration;
			buildSettings = {
				ASSETCATALOG_COMPILER_APPICON_NAME = AppIcon;
				ASSETCATALOG_COMPILER_GLOBAL_ACCENT_COLOR_NAME = AccentColor;
				CODE_SIGN_STYLE = Automatic;
				CURRENT_PROJECT_VERSION = 1;
				DEVELOPMENT_ASSET_PATHS = "\"SparTest/Preview Content\"";
				DEVELOPMENT_TEAM = 695W8CRMKH;
				ENABLE_PREVIEWS = YES;
				GENERATE_INFOPLIST_FILE = YES;
				INFOPLIST_KEY_UIApplicationSceneManifest_Generation = YES;
				INFOPLIST_KEY_UIApplicationSupportsIndirectInputEvents = YES;
				INFOPLIST_KEY_UILaunchScreen_Generation = YES;
				INFOPLIST_KEY_UIRequiresFullScreen = YES;
				INFOPLIST_KEY_UISupportedInterfaceOrientations = UIInterfaceOrientationPortrait;
				INFOPLIST_KEY_UISupportedInterfaceOrientations_iPad = "UIInterfaceOrientationPortrait UIInterfaceOrientationPortraitUpsideDown";
				IPHONEOS_DEPLOYMENT_TARGET = 14.0;
				LD_RUNPATH_SEARCH_PATHS = (
					"$(inherited)",
					"@executable_path/Frameworks",
				);
				MARKETING_VERSION = 1.0;
				PRODUCT_BUNDLE_IDENTIFIER = AtaevAleksandr.SparTest;
				PRODUCT_NAME = "$(TARGET_NAME)";
				SUPPORTED_PLATFORMS = "iphoneos iphonesimulator";
				SUPPORTS_MACCATALYST = NO;
				SUPPORTS_MAC_DESIGNED_FOR_IPHONE_IPAD = NO;
				SUPPORTS_XR_DESIGNED_FOR_IPHONE_IPAD = NO;
				SWIFT_EMIT_LOC_STRINGS = YES;
				SWIFT_VERSION = 5.0;
				TARGETED_DEVICE_FAMILY = "1,2";
			};
			name = Release;
		};
/* End XCBuildConfiguration section */

/* Begin XCConfigurationList section */
		5BE462022B6C5F2800F734D3 /* Build configuration list for PBXProject "SparTest" */ = {
			isa = XCConfigurationList;
			buildConfigurations = (
				5BE462132B6C5F2900F734D3 /* Debug */,
				5BE462142B6C5F2900F734D3 /* Release */,
			);
			defaultConfigurationIsVisible = 0;
			defaultConfigurationName = Release;
		};
		5BE462152B6C5F2900F734D3 /* Build configuration list for PBXNativeTarget "SparTest" */ = {
			isa = XCConfigurationList;
			buildConfigurations = (
				5BE462162B6C5F2900F734D3 /* Debug */,
				5BE462172B6C5F2900F734D3 /* Release */,
			);
			defaultConfigurationIsVisible = 0;
			defaultConfigurationName = Release;
		};
/* End XCConfigurationList section */
	};
	rootObject = 5BE461FF2B6C5F2800F734D3 /* Project object */;
}
